
Microsoft Visual Studio Solution File, Format Version 12.00
# Visual Studio 15
VisualStudioVersion = 15.0.28307.1000
MinimumVisualStudioVersion = 10.0.40219.1
Project("{9A19103F-16F7-4668-BE54-9A1E7A4F7556}") = "P01_Vehicles", "P01_Vehicles\P01_Vehicles.csproj", "{0BB754D1-5FCD-49EC-AC7F-4835D44153B7}"
EndProject
Project("{FAE04EC0-301F-11D3-BF4B-00C04F79EFBC}") = "P03_WildFarm", "P03_WildFarm\P03_WildFarm.csproj", "{0C51DC9C-6C9A-428A-975C-A3B29FFCF79D}"
EndProject
Global
	GlobalSection(SolutionConfigurationPlatforms) = preSolution
		Debug|Any CPU = Debug|Any CPU
		Release|Any CPU = Release|Any CPU
	EndGlobalSection
	GlobalSection(ProjectConfigurationPlatforms) = postSolution
		{0BB754D1-5FCD-49EC-AC7F-4835D44153B7}.Debug|Any CPU.ActiveCfg = Debug|Any CPU
		{0BB754D1-5FCD-49EC-AC7F-4835D44153B7}.Debug|Any CPU.Build.0 = Debug|Any CPU
		{0BB754D1-5FCD-49EC-AC7F-4835D44153B7}.Release|Any CPU.ActiveCfg = Release|Any CPU
		{0BB754D1-5FCD-49EC-AC7F-4835D44153B7}.Release|Any CPU.Build.0 = Release|Any CPU
		{0C51DC9C-6C9A-428A-975C-A3B29FFCF79D}.Debug|Any CPU.ActiveCfg = Debug|Any CPU
		{0C51DC9C-6C9A-428A-975C-A3B29FFCF79D}.Debug|Any CPU.Build.0 = Debug|Any CPU
		{0C51DC9C-6C9A-428A-975C-A3B29FFCF79D}.Release|Any CPU.ActiveCfg = Release|Any CPU
		{0C51DC9C-6C9A-428A-975C-A3B29FFCF79D}.Release|Any CPU.Build.0 = Release|Any CPU
	EndGlobalSection
	GlobalSection(SolutionProperties) = preSolution
		HideSolutionNode = FALSE
	EndGlobalSection
	GlobalSection(ExtensibilityGlobals) = postSolution
		SolutionGuid = {DADEA999-7F7C-47FD-8390-44B0A2AD51A7}
	EndGlobalSection
EndGlobal
