
Microsoft Visual Studio Solution File, Format Version 12.00
# Visual Studio 15
VisualStudioVersion = 15.0.27428.2015
MinimumVisualStudioVersion = 10.0.40219.1
Project("{9A19103F-16F7-4668-BE54-9A1E7A4F7556}") = "Skeleton", "Skeleton\Skeleton.csproj", "{40243B9A-88AA-48DD-9A11-FA65D6A28497}"
EndProject
Project("{FAE04EC0-301F-11D3-BF4B-00C04F79EFBC}") = "Skeleton.Tests", "Skeleton.Tests\Skeleton.Tests.csproj", "{A7BB950A-72A6-40F8-A4EC-39175E09F69B}"
EndProject
Project("{FAE04EC0-301F-11D3-BF4B-00C04F79EFBC}") = "P01_DataBase", "P01_DataBase\P01_DataBase.csproj", "{D97A51AB-2A6C-4143-A721-7551196CBDA5}"
EndProject
Project("{FAE04EC0-301F-11D3-BF4B-00C04F79EFBC}") = "P01_DataBase.Tests", "P01_DataBase.Tests\P01_DataBase.Tests.csproj", "{2F0E2725-B9FE-4C3A-AF37-76E64C19A3D3}"
EndProject
Project("{9A19103F-16F7-4668-BE54-9A1E7A4F7556}") = "CustomLinkedList", "CustomLinkedList\CustomLinkedList\CustomLinkedList.csproj", "{00E93A37-F51D-4162-B828-819DFE072054}"
EndProject
Project("{9A19103F-16F7-4668-BE54-9A1E7A4F7556}") = "StorageMaster", "StorageMaster\StorageMaster\StorageMaster.csproj", "{65FF94A6-2715-4A4A-8164-7B40AC43B005}"
EndProject
Project("{FAE04EC0-301F-11D3-BF4B-00C04F79EFBC}") = "StorageMaster.Tests.Structure", "StorageMaster.Tests.Structure\StorageMaster.Tests.Structure.csproj", "{B99E8363-CB11-4D80-820B-DF26AF9E68FE}"
EndProject
Global
	GlobalSection(SolutionConfigurationPlatforms) = preSolution
		Debug|Any CPU = Debug|Any CPU
		Release|Any CPU = Release|Any CPU
	EndGlobalSection
	GlobalSection(ProjectConfigurationPlatforms) = postSolution
		{40243B9A-88AA-48DD-9A11-FA65D6A28497}.Debug|Any CPU.ActiveCfg = Debug|Any CPU
		{40243B9A-88AA-48DD-9A11-FA65D6A28497}.Debug|Any CPU.Build.0 = Debug|Any CPU
		{40243B9A-88AA-48DD-9A11-FA65D6A28497}.Release|Any CPU.ActiveCfg = Release|Any CPU
		{40243B9A-88AA-48DD-9A11-FA65D6A28497}.Release|Any CPU.Build.0 = Release|Any CPU
		{A7BB950A-72A6-40F8-A4EC-39175E09F69B}.Debug|Any CPU.ActiveCfg = Debug|Any CPU
		{A7BB950A-72A6-40F8-A4EC-39175E09F69B}.Debug|Any CPU.Build.0 = Debug|Any CPU
		{A7BB950A-72A6-40F8-A4EC-39175E09F69B}.Release|Any CPU.ActiveCfg = Release|Any CPU
		{A7BB950A-72A6-40F8-A4EC-39175E09F69B}.Release|Any CPU.Build.0 = Release|Any CPU
		{D97A51AB-2A6C-4143-A721-7551196CBDA5}.Debug|Any CPU.ActiveCfg = Debug|Any CPU
		{D97A51AB-2A6C-4143-A721-7551196CBDA5}.Debug|Any CPU.Build.0 = Debug|Any CPU
		{D97A51AB-2A6C-4143-A721-7551196CBDA5}.Release|Any CPU.ActiveCfg = Release|Any CPU
		{D97A51AB-2A6C-4143-A721-7551196CBDA5}.Release|Any CPU.Build.0 = Release|Any CPU
		{2F0E2725-B9FE-4C3A-AF37-76E64C19A3D3}.Debug|Any CPU.ActiveCfg = Debug|Any CPU
		{2F0E2725-B9FE-4C3A-AF37-76E64C19A3D3}.Debug|Any CPU.Build.0 = Debug|Any CPU
		{2F0E2725-B9FE-4C3A-AF37-76E64C19A3D3}.Release|Any CPU.ActiveCfg = Release|Any CPU
		{2F0E2725-B9FE-4C3A-AF37-76E64C19A3D3}.Release|Any CPU.Build.0 = Release|Any CPU
		{00E93A37-F51D-4162-B828-819DFE072054}.Debug|Any CPU.ActiveCfg = Debug|Any CPU
		{00E93A37-F51D-4162-B828-819DFE072054}.Debug|Any CPU.Build.0 = Debug|Any CPU
		{00E93A37-F51D-4162-B828-819DFE072054}.Release|Any CPU.ActiveCfg = Release|Any CPU
		{00E93A37-F51D-4162-B828-819DFE072054}.Release|Any CPU.Build.0 = Release|Any CPU
		{65FF94A6-2715-4A4A-8164-7B40AC43B005}.Debug|Any CPU.ActiveCfg = Debug|Any CPU
		{65FF94A6-2715-4A4A-8164-7B40AC43B005}.Debug|Any CPU.Build.0 = Debug|Any CPU
		{65FF94A6-2715-4A4A-8164-7B40AC43B005}.Release|Any CPU.ActiveCfg = Release|Any CPU
		{65FF94A6-2715-4A4A-8164-7B40AC43B005}.Release|Any CPU.Build.0 = Release|Any CPU
		{B99E8363-CB11-4D80-820B-DF26AF9E68FE}.Debug|Any CPU.ActiveCfg = Debug|Any CPU
		{B99E8363-CB11-4D80-820B-DF26AF9E68FE}.Debug|Any CPU.Build.0 = Debug|Any CPU
		{B99E8363-CB11-4D80-820B-DF26AF9E68FE}.Release|Any CPU.ActiveCfg = Release|Any CPU
		{B99E8363-CB11-4D80-820B-DF26AF9E68FE}.Release|Any CPU.Build.0 = Release|Any CPU
	EndGlobalSection
	GlobalSection(SolutionProperties) = preSolution
		HideSolutionNode = FALSE
	EndGlobalSection
	GlobalSection(ExtensibilityGlobals) = postSolution
		SolutionGuid = {92878331-5606-4957-A4E8-1C8F7C44B3FE}
	EndGlobalSection
EndGlobal
