
Microsoft Visual Studio Solution File, Format Version 12.00
# Visual Studio Version 16
VisualStudioVersion = 16.0.30002.166
MinimumVisualStudioVersion = 10.0.40219.1
Project("{FAE04EC0-301F-11D3-BF4B-00C04F79EFBC}") = "SoftUni", "SoftUni\SoftUni.csproj", "{C173F869-3C6F-4E7F-911B-5D17FDBE7A4D}"
EndProject
Global
	GlobalSection(SolutionConfigurationPlatforms) = preSolution
		Debug|Any CPU = Debug|Any CPU
		Release|Any CPU = Release|Any CPU
	EndGlobalSection
	GlobalSection(ProjectConfigurationPlatforms) = postSolution
		{C173F869-3C6F-4E7F-911B-5D17FDBE7A4D}.Debug|Any CPU.ActiveCfg = Debug|Any CPU
		{C173F869-3C6F-4E7F-911B-5D17FDBE7A4D}.Debug|Any CPU.Build.0 = Debug|Any CPU
		{C173F869-3C6F-4E7F-911B-5D17FDBE7A4D}.Release|Any CPU.ActiveCfg = Release|Any CPU
		{C173F869-3C6F-4E7F-911B-5D17FDBE7A4D}.Release|Any CPU.Build.0 = Release|Any CPU
	EndGlobalSection
	GlobalSection(SolutionProperties) = preSolution
		HideSolutionNode = FALSE
	EndGlobalSection
	GlobalSection(ExtensibilityGlobals) = postSolution
		SolutionGuid = {B03B9D98-32A7-4FC1-BCD7-9B4013D9DCBF}
	EndGlobalSection
EndGlobal
