
Microsoft Visual Studio Solution File, Format Version 12.00
# Visual Studio 15
VisualStudioVersion = 15.0.28307.1000
MinimumVisualStudioVersion = 10.0.40219.1
Project("{FAE04EC0-301F-11D3-BF4B-00C04F79EFBC}") = "Logger", "Logger\Logger.csproj", "{97C769C5-C304-40FE-A1B0-0F6C33681B78}"
EndProject
Global
	GlobalSection(SolutionConfigurationPlatforms) = preSolution
		Debug|Any CPU = Debug|Any CPU
		Release|Any CPU = Release|Any CPU
	EndGlobalSection
	GlobalSection(ProjectConfigurationPlatforms) = postSolution
		{97C769C5-C304-40FE-A1B0-0F6C33681B78}.Debug|Any CPU.ActiveCfg = Debug|Any CPU
		{97C769C5-C304-40FE-A1B0-0F6C33681B78}.Debug|Any CPU.Build.0 = Debug|Any CPU
		{97C769C5-C304-40FE-A1B0-0F6C33681B78}.Release|Any CPU.ActiveCfg = Release|Any CPU
		{97C769C5-C304-40FE-A1B0-0F6C33681B78}.Release|Any CPU.Build.0 = Release|Any CPU
	EndGlobalSection
	GlobalSection(SolutionProperties) = preSolution
		HideSolutionNode = FALSE
	EndGlobalSection
	GlobalSection(ExtensibilityGlobals) = postSolution
		SolutionGuid = {FD6A6239-5484-42FA-9FBA-8E55329E0D8E}
	EndGlobalSection
EndGlobal
